{
  "object": {
    "pins": [
      {
        "package": "MoEngage-iOS-SDK",
        "repositoryURL": "https://github.com/moengage/MoEngage-iOS-SDK.git",
        "state": {
          "branch": null,
          "revision": "8a25df2409d97bf40b0e8e292184566b8b8bc01f",
          "version": "9.10.0"
        }
      }
    ]
  },
  "version": 1
}
